
Microsoft Visual Studio Solution File, Format Version 12.00
# Visual Studio Version 17
VisualStudioVersion = 17.5.33424.131
MinimumVisualStudioVersion = 10.0.40219.1
Project("{FAE04EC0-301F-11D3-BF4B-00C04F79EFBC}") = "C#_TrainingAssignments", "C#_TrainingAssignments.csproj", "{17B13871-6FC4-4B91-AFE6-5CB77A82DA9E}"
EndProject
Project("{FAE04EC0-301F-11D3-BF4B-00C04F79EFBC}") = "AssignmentLibrary", "..\AssignmentLibrary\AssignmentLibrary.csproj", "{197A8A82-2D74-44A5-8CBD-034C28EF4ABE}"
EndProject
Global
	GlobalSection(SolutionConfigurationPlatforms) = preSolution
		Debug|Any CPU = Debug|Any CPU
		Release|Any CPU = Release|Any CPU
	EndGlobalSection
	GlobalSection(ProjectConfigurationPlatforms) = postSolution
		{17B13871-6FC4-4B91-AFE6-5CB77A82DA9E}.Debug|Any CPU.ActiveCfg = Debug|Any CPU
		{17B13871-6FC4-4B91-AFE6-5CB77A82DA9E}.Debug|Any CPU.Build.0 = Debug|Any CPU
		{17B13871-6FC4-4B91-AFE6-5CB77A82DA9E}.Release|Any CPU.ActiveCfg = Release|Any CPU
		{17B13871-6FC4-4B91-AFE6-5CB77A82DA9E}.Release|Any CPU.Build.0 = Release|Any CPU
		{197A8A82-2D74-44A5-8CBD-034C28EF4ABE}.Debug|Any CPU.ActiveCfg = Debug|Any CPU
		{197A8A82-2D74-44A5-8CBD-034C28EF4ABE}.Debug|Any CPU.Build.0 = Debug|Any CPU
		{197A8A82-2D74-44A5-8CBD-034C28EF4ABE}.Release|Any CPU.ActiveCfg = Release|Any CPU
		{197A8A82-2D74-44A5-8CBD-034C28EF4ABE}.Release|Any CPU.Build.0 = Release|Any CPU
	EndGlobalSection
	GlobalSection(SolutionProperties) = preSolution
		HideSolutionNode = FALSE
	EndGlobalSection
	GlobalSection(ExtensibilityGlobals) = postSolution
		SolutionGuid = {524BB523-2AEC-4C2D-A25D-E31E66CD0408}
	EndGlobalSection
EndGlobal
